{
  "name": "aurorahome",
  "version": "1.0.0",
  "lockfileVersion": 2,
  "requires": true,
  "packages": {
    "": {
      "name": "aurorahome",
      "version": "1.0.0",
      "license": "MIT",
      "devDependencies": {
        "dprint": "^0.50.2",
        "glidelite": "github:sanderveldhuis/glidelite#next"
      }
    },
    "node_modules/@dprint/darwin-arm64": {
      "version": "0.50.2",
      "resolved": "https://registry.npmjs.org/@dprint/darwin-arm64/-/darwin-arm64-0.50.2.tgz",
      "integrity": "sha512-4d08INZlTxbPW9LK9W8+93viN543/qA2Kxn4azVnPW/xCb2Im03UqJBz8mMm3nJZdtNnK3uTVG3ib1VW+XJisw==",
      "cpu": [
        "arm64"
      ],
      "dev": true,
      "license": "MIT",
      "optional": true,
      "os": [
        "darwin"
      ]
    },
    "node_modules/@dprint/darwin-x64": {
      "version": "0.50.2",
      "resolved": "https://registry.npmjs.org/@dprint/darwin-x64/-/darwin-x64-0.50.2.tgz",
      "integrity": "sha512-ZXWPBwdLojhdBATq+bKwJvB7D8bIzrD6eR/Xuq9UYE7evQazUiR069d9NPF0iVuzTo6wNf9ub9SXI7qDl11EGA==",
      "cpu": [
        "x64"
      ],
      "dev": true,
      "license": "MIT",
      "optional": true,
      "os": [
        "darwin"
      ]
    },
    "node_modules/@dprint/linux-arm64-glibc": {
      "version": "0.50.2",
      "resolved": "https://registry.npmjs.org/@dprint/linux-arm64-glibc/-/linux-arm64-glibc-0.50.2.tgz",
      "integrity": "sha512-marxQzRw8atXAnaawwZHeeUaaAVewrGTlFKKcDASGyjPBhc23J5fHPUPremm8xCbgYZyTlokzrV8/1rDRWhJcw==",
      "cpu": [
        "arm64"
      ],
      "dev": true,
      "license": "MIT",
      "optional": true,
      "os": [
        "linux"
      ]
    },
    "node_modules/@dprint/linux-arm64-musl": {
      "version": "0.50.2",
      "resolved": "https://registry.npmjs.org/@dprint/linux-arm64-musl/-/linux-arm64-musl-0.50.2.tgz",
      "integrity": "sha512-oGDq44ydzo0ZkJk6RHcUzUN5sOMT5HC6WA8kHXI6tkAsLUkaLO2DzZFfW4aAYZUn+hYNpQfQD8iGew0sjkyLyg==",
      "cpu": [
        "arm64"
      ],
      "dev": true,
      "license": "MIT",
      "optional": true,
      "os": [
        "linux"
      ]
    },
    "node_modules/@dprint/linux-riscv64-glibc": {
      "version": "0.50.2",
      "resolved": "https://registry.npmjs.org/@dprint/linux-riscv64-glibc/-/linux-riscv64-glibc-0.50.2.tgz",
      "integrity": "sha512-QMmZoZYWsXezDcC03fBOwPfxhTpPEyHqutcgJ0oauN9QcSXGji9NSZITMmtLz2Ki3T1MIvdaLd1goGzNSvNqTQ==",
      "cpu": [
        "riscv64"
      ],
      "dev": true,
      "license": "MIT",
      "optional": true,
      "os": [
        "linux"
      ]
    },
    "node_modules/@dprint/linux-x64-glibc": {
      "version": "0.50.2",
      "resolved": "https://registry.npmjs.org/@dprint/linux-x64-glibc/-/linux-x64-glibc-0.50.2.tgz",
      "integrity": "sha512-KMeHEzb4teQJChTgq8HuQzc+reRNDnarOTGTQovAZ9WNjOtKLViftsKWW5HsnRHtP5nUIPE9rF1QLjJ/gUsqvw==",
      "cpu": [
        "x64"
      ],
      "dev": true,
      "license": "MIT",
      "optional": true,
      "os": [
        "linux"
      ]
    },
    "node_modules/@dprint/linux-x64-musl": {
      "version": "0.50.2",
      "resolved": "https://registry.npmjs.org/@dprint/linux-x64-musl/-/linux-x64-musl-0.50.2.tgz",
      "integrity": "sha512-qM37T7H69g5coBTfE7SsA+KZZaRBky6gaUhPgAYxW+fOsoVtZSVkXtfTtQauHTpqqOEtbxfCtum70Hz1fr1teg==",
      "cpu": [
        "x64"
      ],
      "dev": true,
      "license": "MIT",
      "optional": true,
      "os": [
        "linux"
      ]
    },
    "node_modules/@dprint/win32-arm64": {
      "version": "0.50.2",
      "resolved": "https://registry.npmjs.org/@dprint/win32-arm64/-/win32-arm64-0.50.2.tgz",
      "integrity": "sha512-kuGVHGoxLwssVDsodefUIYQRoO2fQncurH/xKgXiZwMPOSzFcgUzYJQiyqmJEp+PENhO9VT1hXUHZtlyCAWBUQ==",
      "cpu": [
        "arm64"
      ],
      "dev": true,
      "license": "MIT",
      "optional": true,
      "os": [
        "win32"
      ]
    },
    "node_modules/@dprint/win32-x64": {
      "version": "0.50.2",
      "resolved": "https://registry.npmjs.org/@dprint/win32-x64/-/win32-x64-0.50.2.tgz",
      "integrity": "sha512-N3l9k31c3IMfVXqL0L6ygIhJFvCIrfQ+Z5Jph6RnCcBO6oDYWeYhAv/qBk1vLsF2y/e79TKsR1tvaEwnrQ03XA==",
      "cpu": [
        "x64"
      ],
      "dev": true,
      "license": "MIT",
      "optional": true,
      "os": [
        "win32"
      ]
    },
    "node_modules/@tsconfig/node-lts": {
      "version": "22.0.2",
      "resolved": "https://registry.npmjs.org/@tsconfig/node-lts/-/node-lts-22.0.2.tgz",
      "integrity": "sha512-Kgq5yXTvnUnvlhob0xJpOH4na9PWtuFhHSf94MpDwnENWgiFeJKDNANQV2MT1WpXZYkK2WSWfVYKhVkR7bc8TA==",
      "dev": true,
      "license": "MIT"
    },
    "node_modules/@types/node": {
      "version": "24.6.2",
      "resolved": "https://registry.npmjs.org/@types/node/-/node-24.6.2.tgz",
      "integrity": "sha512-d2L25Y4j+W3ZlNAeMKcy7yDsK425ibcAOO2t7aPTz6gNMH0z2GThtwENCDc0d/Pw9wgyRqE5Px1wkV7naz8ang==",
      "dev": true,
      "license": "MIT",
      "dependencies": {
        "undici-types": "~7.13.0"
      }
    },
    "node_modules/dprint": {
      "version": "0.50.2",
      "resolved": "https://registry.npmjs.org/dprint/-/dprint-0.50.2.tgz",
      "integrity": "sha512-+0Fzg+17jsMMUouK00/Fara5YtGOuE76EAJINHB8VpkXHd0n00rMXtw/03qorOgz23eo8Y0UpYvNZBJJo3aNtw==",
      "dev": true,
      "hasInstallScript": true,
      "license": "MIT",
      "bin": {
        "dprint": "bin.js"
      },
      "optionalDependencies": {
        "@dprint/darwin-arm64": "0.50.2",
        "@dprint/darwin-x64": "0.50.2",
        "@dprint/linux-arm64-glibc": "0.50.2",
        "@dprint/linux-arm64-musl": "0.50.2",
        "@dprint/linux-riscv64-glibc": "0.50.2",
        "@dprint/linux-x64-glibc": "0.50.2",
        "@dprint/linux-x64-musl": "0.50.2",
        "@dprint/win32-arm64": "0.50.2",
        "@dprint/win32-x64": "0.50.2"
      }
    },
    "node_modules/glidelite": {
      "version": "1.0.0",
      "resolved": "git+ssh://git@github.com/sanderveldhuis/glidelite.git#6bcac77505295ac450931487a28395c30b3e57bd",
      "integrity": "sha512-gmTIbu4rLGZZ7MHEoDO7yKxQlOaitAPaaouvFkZMTTL6SHFPUnCvpMwIqe6heZ4497mEo2eOsiVeY4w/5Sv6OA==",
      "dev": true,
      "license": "MIT",
      "dependencies": {
        "@tsconfig/node-lts": "^22.0.2",
        "@types/node": "latest",
        "typescript": "^5.9.2"
      },
      "bin": {
        "glc": "bin/glc"
      }
    },
    "node_modules/typescript": {
      "version": "5.9.3",
      "resolved": "https://registry.npmjs.org/typescript/-/typescript-5.9.3.tgz",
      "integrity": "sha512-jl1vZzPDinLr9eUt3J/t7V6FgNEw9QjvBPdysz9KfQDD41fQrC2Y4vKQdiaUpFT4bXlb1RHhLpp8wtm6M5TgSw==",
      "dev": true,
      "license": "Apache-2.0",
      "bin": {
        "tsc": "bin/tsc",
        "tsserver": "bin/tsserver"
      },
      "engines": {
        "node": ">=14.17"
      }
    },
    "node_modules/undici-types": {
      "version": "7.13.0",
      "resolved": "https://registry.npmjs.org/undici-types/-/undici-types-7.13.0.tgz",
      "integrity": "sha512-Ov2Rr9Sx+fRgagJ5AX0qvItZG/JKKoBRAVITs1zk7IqZGTJUwgUr7qoYBpWwakpWilTZFM98rG/AFRocu10iIQ==",
      "dev": true,
      "license": "MIT"
    }
  },
  "dependencies": {
    "@dprint/darwin-arm64": {
      "version": "0.50.2",
      "resolved": "https://registry.npmjs.org/@dprint/darwin-arm64/-/darwin-arm64-0.50.2.tgz",
      "integrity": "sha512-4d08INZlTxbPW9LK9W8+93viN543/qA2Kxn4azVnPW/xCb2Im03UqJBz8mMm3nJZdtNnK3uTVG3ib1VW+XJisw==",
      "dev": true,
      "optional": true
    },
    "@dprint/darwin-x64": {
      "version": "0.50.2",
      "resolved": "https://registry.npmjs.org/@dprint/darwin-x64/-/darwin-x64-0.50.2.tgz",
      "integrity": "sha512-ZXWPBwdLojhdBATq+bKwJvB7D8bIzrD6eR/Xuq9UYE7evQazUiR069d9NPF0iVuzTo6wNf9ub9SXI7qDl11EGA==",
      "dev": true,
      "optional": true
    },
    "@dprint/linux-arm64-glibc": {
      "version": "0.50.2",
      "resolved": "https://registry.npmjs.org/@dprint/linux-arm64-glibc/-/linux-arm64-glibc-0.50.2.tgz",
      "integrity": "sha512-marxQzRw8atXAnaawwZHeeUaaAVewrGTlFKKcDASGyjPBhc23J5fHPUPremm8xCbgYZyTlokzrV8/1rDRWhJcw==",
      "dev": true,
      "optional": true
    },
    "@dprint/linux-arm64-musl": {
      "version": "0.50.2",
      "resolved": "https://registry.npmjs.org/@dprint/linux-arm64-musl/-/linux-arm64-musl-0.50.2.tgz",
      "integrity": "sha512-oGDq44ydzo0ZkJk6RHcUzUN5sOMT5HC6WA8kHXI6tkAsLUkaLO2DzZFfW4aAYZUn+hYNpQfQD8iGew0sjkyLyg==",
      "dev": true,
      "optional": true
    },
    "@dprint/linux-riscv64-glibc": {
      "version": "0.50.2",
      "resolved": "https://registry.npmjs.org/@dprint/linux-riscv64-glibc/-/linux-riscv64-glibc-0.50.2.tgz",
      "integrity": "sha512-QMmZoZYWsXezDcC03fBOwPfxhTpPEyHqutcgJ0oauN9QcSXGji9NSZITMmtLz2Ki3T1MIvdaLd1goGzNSvNqTQ==",
      "dev": true,
      "optional": true
    },
    "@dprint/linux-x64-glibc": {
      "version": "0.50.2",
      "resolved": "https://registry.npmjs.org/@dprint/linux-x64-glibc/-/linux-x64-glibc-0.50.2.tgz",
      "integrity": "sha512-KMeHEzb4teQJChTgq8HuQzc+reRNDnarOTGTQovAZ9WNjOtKLViftsKWW5HsnRHtP5nUIPE9rF1QLjJ/gUsqvw==",
      "dev": true,
      "optional": true
    },
    "@dprint/linux-x64-musl": {
      "version": "0.50.2",
      "resolved": "https://registry.npmjs.org/@dprint/linux-x64-musl/-/linux-x64-musl-0.50.2.tgz",
      "integrity": "sha512-qM37T7H69g5coBTfE7SsA+KZZaRBky6gaUhPgAYxW+fOsoVtZSVkXtfTtQauHTpqqOEtbxfCtum70Hz1fr1teg==",
      "dev": true,
      "optional": true
    },
    "@dprint/win32-arm64": {
      "version": "0.50.2",
      "resolved": "https://registry.npmjs.org/@dprint/win32-arm64/-/win32-arm64-0.50.2.tgz",
      "integrity": "sha512-kuGVHGoxLwssVDsodefUIYQRoO2fQncurH/xKgXiZwMPOSzFcgUzYJQiyqmJEp+PENhO9VT1hXUHZtlyCAWBUQ==",
      "dev": true,
      "optional": true
    },
    "@dprint/win32-x64": {
      "version": "0.50.2",
      "resolved": "https://registry.npmjs.org/@dprint/win32-x64/-/win32-x64-0.50.2.tgz",
      "integrity": "sha512-N3l9k31c3IMfVXqL0L6ygIhJFvCIrfQ+Z5Jph6RnCcBO6oDYWeYhAv/qBk1vLsF2y/e79TKsR1tvaEwnrQ03XA==",
      "dev": true,
      "optional": true
    },
    "@tsconfig/node-lts": {
      "version": "22.0.2",
      "resolved": "https://registry.npmjs.org/@tsconfig/node-lts/-/node-lts-22.0.2.tgz",
      "integrity": "sha512-Kgq5yXTvnUnvlhob0xJpOH4na9PWtuFhHSf94MpDwnENWgiFeJKDNANQV2MT1WpXZYkK2WSWfVYKhVkR7bc8TA==",
      "dev": true
    },
    "@types/node": {
      "version": "24.6.2",
      "resolved": "https://registry.npmjs.org/@types/node/-/node-24.6.2.tgz",
      "integrity": "sha512-d2L25Y4j+W3ZlNAeMKcy7yDsK425ibcAOO2t7aPTz6gNMH0z2GThtwENCDc0d/Pw9wgyRqE5Px1wkV7naz8ang==",
      "dev": true,
      "requires": {
        "undici-types": "~7.13.0"
      }
    },
    "dprint": {
      "version": "0.50.2",
      "resolved": "https://registry.npmjs.org/dprint/-/dprint-0.50.2.tgz",
      "integrity": "sha512-+0Fzg+17jsMMUouK00/Fara5YtGOuE76EAJINHB8VpkXHd0n00rMXtw/03qorOgz23eo8Y0UpYvNZBJJo3aNtw==",
      "dev": true,
      "requires": {
        "@dprint/darwin-arm64": "0.50.2",
        "@dprint/darwin-x64": "0.50.2",
        "@dprint/linux-arm64-glibc": "0.50.2",
        "@dprint/linux-arm64-musl": "0.50.2",
        "@dprint/linux-riscv64-glibc": "0.50.2",
        "@dprint/linux-x64-glibc": "0.50.2",
        "@dprint/linux-x64-musl": "0.50.2",
        "@dprint/win32-arm64": "0.50.2",
        "@dprint/win32-x64": "0.50.2"
      }
    },
    "glidelite": {
      "version": "git+ssh://git@github.com/sanderveldhuis/glidelite.git#6bcac77505295ac450931487a28395c30b3e57bd",
      "integrity": "sha512-gmTIbu4rLGZZ7MHEoDO7yKxQlOaitAPaaouvFkZMTTL6SHFPUnCvpMwIqe6heZ4497mEo2eOsiVeY4w/5Sv6OA==",
      "dev": true,
      "from": "glidelite@github:sanderveldhuis/glidelite#6bcac77505295ac450931487a28395c30b3e57bd",
      "requires": {
        "@tsconfig/node-lts": "^22.0.2",
        "@types/node": "latest",
        "typescript": "^5.9.2"
      }
    },
    "typescript": {
      "version": "5.9.3",
      "resolved": "https://registry.npmjs.org/typescript/-/typescript-5.9.3.tgz",
      "integrity": "sha512-jl1vZzPDinLr9eUt3J/t7V6FgNEw9QjvBPdysz9KfQDD41fQrC2Y4vKQdiaUpFT4bXlb1RHhLpp8wtm6M5TgSw==",
      "dev": true
    },
    "undici-types": {
      "version": "7.13.0",
      "resolved": "https://registry.npmjs.org/undici-types/-/undici-types-7.13.0.tgz",
      "integrity": "sha512-Ov2Rr9Sx+fRgagJ5AX0qvItZG/JKKoBRAVITs1zk7IqZGTJUwgUr7qoYBpWwakpWilTZFM98rG/AFRocu10iIQ==",
      "dev": true
    }
  }
}
